
Microsoft Visual Studio Solution File, Format Version 12.00
# Visual Studio 14
VisualStudioVersion = 14.0.25420.1
MinimumVisualStudioVersion = 10.0.40219.1
Project("{FAE04EC0-301F-11D3-BF4B-00C04F79EFBC}") = "Loglib", "Loglib\Loglib.csproj", "{ACEF5DD9-AC1F-43FD-A718-B44CF28BD140}"
EndProject
Project("{FAE04EC0-301F-11D3-BF4B-00C04F79EFBC}") = "DBLib", "DBLib\DBLib.csproj", "{505CD7B2-95B6-4F8E-9F60-2A74F1DE392E}"
EndProject
Project("{FAE04EC0-301F-11D3-BF4B-00C04F79EFBC}") = "Rlib", "Rlib\Rlib.csproj", "{C6EF5ECD-9FAA-47AF-8FE8-B9B50CDCC51C}"
EndProject
Project("{FAE04EC0-301F-11D3-BF4B-00C04F79EFBC}") = "Pylib", "Pylib\Pylib.csproj", "{CEE4AC90-EBCB-48D9-B69C-7EA122A5475B}"
EndProject
Global
	GlobalSection(SolutionConfigurationPlatforms) = preSolution
		Debug|Any CPU = Debug|Any CPU
		Release|Any CPU = Release|Any CPU
	EndGlobalSection
	GlobalSection(ProjectConfigurationPlatforms) = postSolution
		{ACEF5DD9-AC1F-43FD-A718-B44CF28BD140}.Debug|Any CPU.ActiveCfg = Debug|Any CPU
		{ACEF5DD9-AC1F-43FD-A718-B44CF28BD140}.Debug|Any CPU.Build.0 = Debug|Any CPU
		{ACEF5DD9-AC1F-43FD-A718-B44CF28BD140}.Release|Any CPU.ActiveCfg = Release|Any CPU
		{ACEF5DD9-AC1F-43FD-A718-B44CF28BD140}.Release|Any CPU.Build.0 = Release|Any CPU
		{505CD7B2-95B6-4F8E-9F60-2A74F1DE392E}.Debug|Any CPU.ActiveCfg = Debug|Any CPU
		{505CD7B2-95B6-4F8E-9F60-2A74F1DE392E}.Debug|Any CPU.Build.0 = Debug|Any CPU
		{505CD7B2-95B6-4F8E-9F60-2A74F1DE392E}.Release|Any CPU.ActiveCfg = Release|Any CPU
		{505CD7B2-95B6-4F8E-9F60-2A74F1DE392E}.Release|Any CPU.Build.0 = Release|Any CPU
		{C6EF5ECD-9FAA-47AF-8FE8-B9B50CDCC51C}.Debug|Any CPU.ActiveCfg = Debug|Any CPU
		{C6EF5ECD-9FAA-47AF-8FE8-B9B50CDCC51C}.Debug|Any CPU.Build.0 = Debug|Any CPU
		{C6EF5ECD-9FAA-47AF-8FE8-B9B50CDCC51C}.Release|Any CPU.ActiveCfg = Release|Any CPU
		{C6EF5ECD-9FAA-47AF-8FE8-B9B50CDCC51C}.Release|Any CPU.Build.0 = Release|Any CPU
		{CEE4AC90-EBCB-48D9-B69C-7EA122A5475B}.Debug|Any CPU.ActiveCfg = Debug|Any CPU
		{CEE4AC90-EBCB-48D9-B69C-7EA122A5475B}.Debug|Any CPU.Build.0 = Debug|Any CPU
		{CEE4AC90-EBCB-48D9-B69C-7EA122A5475B}.Release|Any CPU.ActiveCfg = Release|Any CPU
		{CEE4AC90-EBCB-48D9-B69C-7EA122A5475B}.Release|Any CPU.Build.0 = Release|Any CPU
	EndGlobalSection
	GlobalSection(SolutionProperties) = preSolution
		HideSolutionNode = FALSE
	EndGlobalSection
EndGlobal
